# This file is generated by running "yarn install" inside your project.
# Manual changes might be lost - proceed with caution!

__metadata:
  version: 4
  cacheKey: 7

"automerge-backend-wasm@npm:^0.1.4":
  version: 0.1.4
  resolution: "automerge-backend-wasm@npm:0.1.4"
  checksum: db898e0c58b0e2e282bd1d753469e7ae8b098dabd0ae073d9e9e28d965471e7470619bba66b047502a84b81a2043186570c71c10115be5cba44a9b3a91b978c1
  languageName: node
  linkType: hard

"automerge-wasm@workspace:.":
  version: 0.0.0-use.local
  resolution: "automerge-wasm@workspace:."
  dependencies:
    automerge: "livingspec/automerge.git#4c3320ae275e8486d68df5c9d63f417ec7038733"
    automerge-backend-wasm: ^0.1.4
    typescript: ^4.2.2
  languageName: unknown
  linkType: soft

"automerge@livingspec/automerge.git#4c3320ae275e8486d68df5c9d63f417ec7038733":
  version: 0.14.0
  resolution: "automerge@https://github.com/livingspec/automerge.git#commit=4c3320ae275e8486d68df5c9d63f417ec7038733"
  dependencies:
    fast-sha256: ^1.3.0
    immutable: ^3.8.2
    uuid: ^3.4.0
  checksum: 4051fad053151082198aa903e2148049d67a185aec2cf270e5b064533258ce4898384d0c031dbc4a6d04d8edcf6f015be93ae9ff41ab8bed943833688fa74de9
  languageName: node
  linkType: hard

"fast-sha256@npm:^1.3.0":
  version: 1.3.0
  resolution: "fast-sha256@npm:1.3.0"
  checksum: 3a173f6f0bc147f450907ba0ccc4247344703dae27429a065c2f19b9afed90e3c1c4e41d6fec864c12c1f2491e08a854c62e6529eca957c23bc6b260ca68f182
  languageName: node
  linkType: hard

"immutable@npm:^3.8.2":
  version: 3.8.2
  resolution: "immutable@npm:3.8.2"
  checksum: 08e65dd0579e7d274e0959872aa3cda7b0da30ed2efebbd23fc2cff26ff7a5416f47e21dbf9b56d337c94b98399a15511df1b7a5db2fadae3e77cd60483c4205
  languageName: node
  linkType: hard

typescript@^4.2.2:
  version: 4.2.2
  resolution: "typescript@npm:4.2.2"
  bin:
    tsc: bin/tsc
    tsserver: bin/tsserver
  checksum: b2e3d5551a12c51b6b7a14f0e78d2664c136fab4dfb3eecaaf7a6e8e7e608f2cf43c6ebe81387d194db2588793b769720d2df523d445a1664b7585c5b9a85984
  languageName: node
  linkType: hard

"typescript@patch:typescript@^4.2.2#builtin<compat/typescript>":
  version: 4.2.2
  resolution: "typescript@patch:typescript@npm%3A4.2.2#builtin<compat/typescript>::version=4.2.2&hash=a45b0e"
  bin:
    tsc: bin/tsc
    tsserver: bin/tsserver
  checksum: ea1f1b6be22c9e3348f61692719d3169dd4abaad34b2132edff44a8d5a748bde8f3116fa2fae41d61c92b3a7cf1c35d0c7276058b2f35196ff3cde3b7d57c84b
  languageName: node
  linkType: hard

"uuid@npm:^3.4.0":
  version: 3.4.0
  resolution: "uuid@npm:3.4.0"
  bin:
    uuid: ./bin/uuid
  checksum: 1ce3f37e214d6d0dc94a6a9663a0365013ace66bc3fd5b203e6f5d2eeb978aaee1192367222386345d30b4c6a447928c501121aa84c637724bf105ef57284949
  languageName: node
  linkType: hard
