# This file is generated by running "yarn install" inside your project.
# Manual changes might be lost - proceed with caution!

__metadata:
  version: 4
  cacheKey: 7

"@livingspec/automerge-backend-wasm@livingspec/automerge-backend-wasm.git#main":
  version: 1.0.0
  resolution: "@livingspec/automerge-backend-wasm@https://github.com/livingspec/automerge-backend-wasm.git#commit=bf5158da3824f9d2795241d2806b6c7f85d5377f"
  dependencies:
    automerge-backend-wasm: ^0.1.4
  checksum: 16475e545f28e54a7cdd86100d6eeb1e614c9fcfb3a626a5d5ace9b4611f5f368d7e54eabf5a1ac9a5567844b68c6a5ea7dc5e020dc17f7da9cabca3485a4dd0
  languageName: node
  linkType: hard

"automerge-backend-wasm@npm:^0.1.4":
  version: 0.1.4
  resolution: "automerge-backend-wasm@npm:0.1.4"
  checksum: db898e0c58b0e2e282bd1d753469e7ae8b098dabd0ae073d9e9e28d965471e7470619bba66b047502a84b81a2043186570c71c10115be5cba44a9b3a91b978c1
  languageName: node
  linkType: hard

"automerge-wasm@workspace:.":
  version: 0.0.0-use.local
  resolution: "automerge-wasm@workspace:."
  dependencies:
    "@livingspec/automerge-backend-wasm": "livingspec/automerge-backend-wasm.git#main"
    automerge: "livingspec/automerge.git#4c3320ae275e8486d68df5c9d63f417ec7038733"
    typescript: ^4.2.2
  languageName: unknown
  linkType: soft

"automerge@livingspec/automerge.git#4c3320ae275e8486d68df5c9d63f417ec7038733":
  version: 0.14.0
  resolution: "automerge@https://github.com/livingspec/automerge.git#commit=4c3320ae275e8486d68df5c9d63f417ec7038733"
  dependencies:
    fast-sha256: ^1.3.0
    immutable: ^3.8.2
    uuid: ^3.4.0
  checksum: 4051fad053151082198aa903e2148049d67a185aec2cf270e5b064533258ce4898384d0c031dbc4a6d04d8edcf6f015be93ae9ff41ab8bed943833688fa74de9
  languageName: node
  linkType: hard

"fast-sha256@npm:^1.3.0":
  version: 1.3.0
  resolution: "fast-sha256@npm:1.3.0"
  checksum: 3a173f6f0bc147f450907ba0ccc4247344703dae27429a065c2f19b9afed90e3c1c4e41d6fec864c12c1f2491e08a854c62e6529eca957c23bc6b260ca68f182
  languageName: node
  linkType: hard

"immutable@npm:^3.8.2":
  version: 3.8.2
  resolution: "immutable@npm:3.8.2"
  checksum: 08e65dd0579e7d274e0959872aa3cda7b0da30ed2efebbd23fc2cff26ff7a5416f47e21dbf9b56d337c94b98399a15511df1b7a5db2fadae3e77cd60483c4205
  languageName: node
  linkType: hard

typescript@^4.2.2:
  version: 4.2.3
  resolution: "typescript@npm:4.2.3"
  bin:
    tsc: bin/tsc
    tsserver: bin/tsserver
  checksum: 06e8470f317db6f5e2fce809b20eb84a67a7d8179057abff36e5427bd1b891bd08e54581ff81f0fa36aef9b6d1eb0f54eaf6e2643c6dbd4e37a0adcc41eed256
  languageName: node
  linkType: hard

"typescript@patch:typescript@^4.2.2#builtin<compat/typescript>":
  version: 4.2.3
  resolution: "typescript@patch:typescript@npm%3A4.2.3#builtin<compat/typescript>::version=4.2.3&hash=a45b0e"
  bin:
    tsc: bin/tsc
    tsserver: bin/tsserver
  checksum: a8956044aabf730699bcc3c2475efdd3f35e509329325cf60b4989761d4c2188e2c474183e2cf92b8c201fcf976814a5a16f144508b2a832643c4f972d0ab803
  languageName: node
  linkType: hard

"uuid@npm:^3.4.0":
  version: 3.4.0
  resolution: "uuid@npm:3.4.0"
  bin:
    uuid: ./bin/uuid
  checksum: 1ce3f37e214d6d0dc94a6a9663a0365013ace66bc3fd5b203e6f5d2eeb978aaee1192367222386345d30b4c6a447928c501121aa84c637724bf105ef57284949
  languageName: node
  linkType: hard
